// !$*UTF8*$!
{
	archiveVersion = 1;
	classes = {
	};
	objectVersion = 77;
	objects = {

/* Begin PBXBuildFile section */
		C32986A62DFE4E6A00897675 /* ChatMessage.swift in Sources */ = {isa = PBXBuildFile; fileRef = C32986A32DFE4E6A00897675 /* ChatMessage.swift */; };
		C32986A72DFE4E6A00897675 /* ChatViewModel.swift in Sources */ = {isa = PBXBuildFile; fileRef = C32986A42DFE4E6A00897675 /* ChatViewModel.swift */; };
		C32986A82DFE4E6A00897675 /* FontManager.swift in Sources */ = {isa = PBXBuildFile; fileRef = C32986A52DFE4E6A00897675 /* FontManager.swift */; };
		C32986B52DFE4E8100897675 /* SidebarView.swift in Sources */ = {isa = PBXBuildFile; fileRef = C32986B22DFE4E8100897675 /* SidebarView.swift */; };
		C32986B72DFE4E8100897675 /* ThreadStore.swift in Sources */ = {isa = PBXBuildFile; fileRef = C32986B32DFE4E8100897675 /* ThreadStore.swift */; };
		C32986B82DFE4E8100897675 /* MEATFACEApp.swift in Sources */ = {isa = PBXBuildFile; fileRef = C32986A92DFE4E8100897675 /* MEATFACEApp.swift */; };
		C32986B92DFE4E8100897675 /* Courier Prime Code.zip in Resources */ = {isa = PBXBuildFile; fileRef = C32986AC2DFE4E8100897675 /* Courier Prime Code.zip */; };
		C32986BA2DFE4E8100897675 /* Overpass Mono.zip in Resources */ = {isa = PBXBuildFile; fileRef = C32986AD2DFE4E8100897675 /* Overpass Mono.zip */; };
		C32986BC2DFE4E8100897675 /* Andale Mono.zip in Resources */ = {isa = PBXBuildFile; fileRef = C32986AB2DFE4E8100897675 /* Andale Mono.zip */; };
		C32986C02DFE570500897675 /* logic0_BOB_relay.swift in Sources */ = {isa = PBXBuildFile; fileRef = C32986BF2DFE570500897675 /* logic0_BOB_relay.swift */; };
		C32986C22DFE583600897675 /* GOB_entry.swift in Sources */ = {isa = PBXBuildFile; fileRef = C32986C12DFE583600897675 /* GOB_entry.swift */; };
		C32986C82DFE663700897675 /* GhostCursorBloom.swift in Sources */ = {isa = PBXBuildFile; fileRef = C32986C72DFE663700897675 /* GhostCursorBloom.swift */; };
		C32986CA2DFE845200897675 /* GOBPortalView.swift in Sources */ = {isa = PBXBuildFile; fileRef = C32986C92DFE845200897675 /* GOBPortalView.swift */; };
		C356BD042DFF823300B2EA1E /* MessageBubble.swift in Sources */ = {isa = PBXBuildFile; fileRef = C356BD032DFF823300B2EA1E /* MessageBubble.swift */; };
		C356BD082DFF826000B2EA1E /* ChatView.swift in Sources */ = {isa = PBXBuildFile; fileRef = C356BD072DFF826000B2EA1E /* ChatView.swift */; };
		C356BD0A2DFF826E00B2EA1E /* ChatMainView.swift in Sources */ = {isa = PBXBuildFile; fileRef = C356BD092DFF826E00B2EA1E /* ChatMainView.swift */; };
		C356BD0C2DFF82AD00B2EA1E /* GlowingTextView.swift in Sources */ = {isa = PBXBuildFile; fileRef = C356BD0B2DFF82AD00B2EA1E /* GlowingTextView.swift */; };
		C356BD0E2DFF82C000B2EA1E /* CustomTextView.swift in Sources */ = {isa = PBXBuildFile; fileRef = C356BD0D2DFF82C000B2EA1E /* CustomTextView.swift */; };
		C356BD102DFF82DA00B2EA1E /* SettingsView.swift in Sources */ = {isa = PBXBuildFile; fileRef = C356BD0F2DFF82DA00B2EA1E /* SettingsView.swift */; };
		C356BD122DFFCCD500B2EA1E /* ResponseSummaryPopup.swift in Sources */ = {isa = PBXBuildFile; fileRef = C356BD112DFFCCD500B2EA1E /* ResponseSummaryPopup.swift */; };
/* End PBXBuildFile section */

/* Begin PBXContainerItemProxy section */
		C32986862DFE4E1100897675 /* PBXContainerItemProxy */ = {
			isa = PBXContainerItemProxy;
			containerPortal = C329866F2DFE4E1000897675 /* Project object */;
			proxyType = 1;
			remoteGlobalIDString = C32986762DFE4E1000897675;
			remoteInfo = MEATFACE;
		};
		C32986902DFE4E1100897675 /* PBXContainerItemProxy */ = {
			isa = PBXContainerItemProxy;
			containerPortal = C329866F2DFE4E1000897675 /* Project object */;
			proxyType = 1;
			remoteGlobalIDString = C32986762DFE4E1000897675;
			remoteInfo = MEATFACE;
		};
/* End PBXContainerItemProxy section */

/* Begin PBXFileReference section */
		C32986772DFE4E1000897675 /* MEATFACE.app */ = {isa = PBXFileReference; explicitFileType = wrapper.application; includeInIndex = 0; path = MEATFACE.app; sourceTree = BUILT_PRODUCTS_DIR; };
		C32986852DFE4E1100897675 /* MEATFACETests.xctest */ = {isa = PBXFileReference; explicitFileType = wrapper.cfbundle; includeInIndex = 0; path = MEATFACETests.xctest; sourceTree = BUILT_PRODUCTS_DIR; };
		C329868F2DFE4E1100897675 /* MEATFACEUITests.xctest */ = {isa = PBXFileReference; explicitFileType = wrapper.cfbundle; includeInIndex = 0; path = MEATFACEUITests.xctest; sourceTree = BUILT_PRODUCTS_DIR; };
		C32986A32DFE4E6A00897675 /* ChatMessage.swift */ = {isa = PBXFileReference; lastKnownFileType = sourcecode.swift; path = ChatMessage.swift; sourceTree = "<group>"; };
		C32986A42DFE4E6A00897675 /* ChatViewModel.swift */ = {isa = PBXFileReference; lastKnownFileType = sourcecode.swift; path = ChatViewModel.swift; sourceTree = "<group>"; };
		C32986A52DFE4E6A00897675 /* FontManager.swift */ = {isa = PBXFileReference; lastKnownFileType = sourcecode.swift; path = FontManager.swift; sourceTree = "<group>"; };
		C32986A92DFE4E8100897675 /* MEATFACEApp.swift */ = {isa = PBXFileReference; lastKnownFileType = sourcecode.swift; path = MEATFACEApp.swift; sourceTree = "<group>"; };
		C32986AB2DFE4E8100897675 /* Andale Mono.zip */ = {isa = PBXFileReference; lastKnownFileType = archive.zip; path = "Andale Mono.zip"; sourceTree = "<group>"; };
		C32986AC2DFE4E8100897675 /* Courier Prime Code.zip */ = {isa = PBXFileReference; lastKnownFileType = archive.zip; path = "Courier Prime Code.zip"; sourceTree = "<group>"; };
		C32986AD2DFE4E8100897675 /* Overpass Mono.zip */ = {isa = PBXFileReference; lastKnownFileType = archive.zip; path = "Overpass Mono.zip"; sourceTree = "<group>"; };
		C32986AF2DFE4E8100897675 /* Info.plist */ = {isa = PBXFileReference; lastKnownFileType = text.plist.xml; path = Info.plist; sourceTree = "<group>"; };
		C32986B22DFE4E8100897675 /* SidebarView.swift */ = {isa = PBXFileReference; lastKnownFileType = sourcecode.swift; path = SidebarView.swift; sourceTree = "<group>"; };
		C32986B32DFE4E8100897675 /* ThreadStore.swift */ = {isa = PBXFileReference; lastKnownFileType = sourcecode.swift; path = ThreadStore.swift; sourceTree = "<group>"; };
		C32986BF2DFE570500897675 /* logic0_BOB_relay.swift */ = {isa = PBXFileReference; lastKnownFileType = sourcecode.swift; path = logic0_BOB_relay.swift; sourceTree = "<group>"; };
		C32986C12DFE583600897675 /* GOB_entry.swift */ = {isa = PBXFileReference; lastKnownFileType = sourcecode.swift; path = GOB_entry.swift; sourceTree = "<group>"; };
		C32986C72DFE663700897675 /* GhostCursorBloom.swift */ = {isa = PBXFileReference; lastKnownFileType = sourcecode.swift; path = GhostCursorBloom.swift; sourceTree = "<group>"; };
		C32986C92DFE845200897675 /* GOBPortalView.swift */ = {isa = PBXFileReference; lastKnownFileType = sourcecode.swift; path = GOBPortalView.swift; sourceTree = "<group>"; };
		C356BD032DFF823300B2EA1E /* MessageBubble.swift */ = {isa = PBXFileReference; lastKnownFileType = sourcecode.swift; path = MessageBubble.swift; sourceTree = "<group>"; };
		C356BD072DFF826000B2EA1E /* ChatView.swift */ = {isa = PBXFileReference; lastKnownFileType = sourcecode.swift; path = ChatView.swift; sourceTree = "<group>"; };
		C356BD092DFF826E00B2EA1E /* ChatMainView.swift */ = {isa = PBXFileReference; lastKnownFileType = sourcecode.swift; path = ChatMainView.swift; sourceTree = "<group>"; };
		C356BD0B2DFF82AD00B2EA1E /* GlowingTextView.swift */ = {isa = PBXFileReference; lastKnownFileType = sourcecode.swift; path = GlowingTextView.swift; sourceTree = "<group>"; };
		C356BD0D2DFF82C000B2EA1E /* CustomTextView.swift */ = {isa = PBXFileReference; lastKnownFileType = sourcecode.swift; path = CustomTextView.swift; sourceTree = "<group>"; };
		C356BD0F2DFF82DA00B2EA1E /* SettingsView.swift */ = {isa = PBXFileReference; lastKnownFileType = sourcecode.swift; path = SettingsView.swift; sourceTree = "<group>"; };
		C356BD112DFFCCD500B2EA1E /* ResponseSummaryPopup.swift */ = {isa = PBXFileReference; lastKnownFileType = sourcecode.swift; path = ResponseSummaryPopup.swift; sourceTree = "<group>"; };
/* End PBXFileReference section */

/* Begin PBXFrameworksBuildPhase section */
		C32986742DFE4E1000897675 /* Frameworks */ = {
			isa = PBXFrameworksBuildPhase;
			buildActionMask = 2147483647;
			files = (
			);
			runOnlyForDeploymentPostprocessing = 0;
		};
		C32986822DFE4E1100897675 /* Frameworks */ = {
			isa = PBXFrameworksBuildPhase;
			buildActionMask = 2147483647;
			files = (
			);
			runOnlyForDeploymentPostprocessing = 0;
		};
		C329868C2DFE4E1100897675 /* Frameworks */ = {
			isa = PBXFrameworksBuildPhase;
			buildActionMask = 2147483647;
			files = (
			);
			runOnlyForDeploymentPostprocessing = 0;
		};
/* End PBXFrameworksBuildPhase section */

/* Begin PBXGroup section */
		C329866E2DFE4E1000897675 = {
			isa = PBXGroup;
			children = (
				C356BD112DFFCCD500B2EA1E /* ResponseSummaryPopup.swift */,
				C356BD0B2DFF82AD00B2EA1E /* GlowingTextView.swift */,
				C356BD032DFF823300B2EA1E /* MessageBubble.swift */,
				C356BD0D2DFF82C000B2EA1E /* CustomTextView.swift */,
				C32986B02DFE4E8100897675 /* Resources */,
				C32986782DFE4E1000897675 /* Products */,
				C32986A92DFE4E8100897675 /* MEATFACEApp.swift */,
				C32986C12DFE583600897675 /* GOB_entry.swift */,
				C32986BF2DFE570500897675 /* logic0_BOB_relay.swift */,
				C356BD0F2DFF82DA00B2EA1E /* SettingsView.swift */,
				C356BD072DFF826000B2EA1E /* ChatView.swift */,
				C356BD092DFF826E00B2EA1E /* ChatMainView.swift */,
				C32986A42DFE4E6A00897675 /* ChatViewModel.swift */,
				C32986B32DFE4E8100897675 /* ThreadStore.swift */,
				C32986A32DFE4E6A00897675 /* ChatMessage.swift */,
				C32986B22DFE4E8100897675 /* SidebarView.swift */,
				C32986A52DFE4E6A00897675 /* FontManager.swift */,
				C32986C72DFE663700897675 /* GhostCursorBloom.swift */,
				C32986C92DFE845200897675 /* GOBPortalView.swift */,
			);
			sourceTree = "<group>";
		};
		C32986782DFE4E1000897675 /* Products */ = {
			isa = PBXGroup;
			children = (
				C32986772DFE4E1000897675 /* MEATFACE.app */,
				C32986852DFE4E1100897675 /* MEATFACETests.xctest */,
				C329868F2DFE4E1100897675 /* MEATFACEUITests.xctest */,
			);
			name = Products;
			sourceTree = "<group>";
		};
		C32986AE2DFE4E8100897675 /* Fonts */ = {
			isa = PBXGroup;
			children = (
				C32986AB2DFE4E8100897675 /* Andale Mono.zip */,
				C32986AC2DFE4E8100897675 /* Courier Prime Code.zip */,
				C32986AD2DFE4E8100897675 /* Overpass Mono.zip */,
			);
			path = Fonts;
			sourceTree = "<group>";
		};
		C32986B02DFE4E8100897675 /* Resources */ = {
			isa = PBXGroup;
			children = (
				C32986AE2DFE4E8100897675 /* Fonts */,
				C32986AF2DFE4E8100897675 /* Info.plist */,
			);
			path = Resources;
			sourceTree = "<group>";
		};
/* End PBXGroup section */

/* Begin PBXNativeTarget section */
		C32986762DFE4E1000897675 /* MEATFACE */ = {
			isa = PBXNativeTarget;
			buildConfigurationList = C32986992DFE4E1100897675 /* Build configuration list for PBXNativeTarget "MEATFACE" */;
			buildPhases = (
				C32986732DFE4E1000897675 /* Sources */,
				C32986742DFE4E1000897675 /* Frameworks */,
				C32986752DFE4E1000897675 /* Resources */,
			);
			buildRules = (
			);
			dependencies = (
			);
			name = MEATFACE;
			packageProductDependencies = (
			);
			productName = MEATFACE;
			productReference = C32986772DFE4E1000897675 /* MEATFACE.app */;
			productType = "com.apple.product-type.application";
		};
		C32986842DFE4E1100897675 /* MEATFACETests */ = {
			isa = PBXNativeTarget;
			buildConfigurationList = C329869C2DFE4E1100897675 /* Build configuration list for PBXNativeTarget "MEATFACETests" */;
			buildPhases = (
				C32986812DFE4E1100897675 /* Sources */,
				C32986822DFE4E1100897675 /* Frameworks */,
				C32986832DFE4E1100897675 /* Resources */,
			);
			buildRules = (
			);
			dependencies = (
				C32986872DFE4E1100897675 /* PBXTargetDependency */,
			);
			name = MEATFACETests;
			packageProductDependencies = (
			);
			productName = MEATFACETests;
			productReference = C32986852DFE4E1100897675 /* MEATFACETests.xctest */;
			productType = "com.apple.product-type.bundle.unit-test";
		};
		C329868E2DFE4E1100897675 /* MEATFACEUITests */ = {
			isa = PBXNativeTarget;
			buildConfigurationList = C329869F2DFE4E1100897675 /* Build configuration list for PBXNativeTarget "MEATFACEUITests" */;
			buildPhases = (
				C329868B2DFE4E1100897675 /* Sources */,
				C329868C2DFE4E1100897675 /* Frameworks */,
				C329868D2DFE4E1100897675 /* Resources */,
			);
			buildRules = (
			);
			dependencies = (
				C32986912DFE4E1100897675 /* PBXTargetDependency */,
			);
			name = MEATFACEUITests;
			packageProductDependencies = (
			);
			productName = MEATFACEUITests;
			productReference = C329868F2DFE4E1100897675 /* MEATFACEUITests.xctest */;
			productType = "com.apple.product-type.bundle.ui-testing";
		};
/* End PBXNativeTarget section */

/* Begin PBXProject section */
		C329866F2DFE4E1000897675 /* Project object */ = {
			isa = PBXProject;
			attributes = {
				BuildIndependentTargetsInParallel = 1;
				LastSwiftUpdateCheck = 1640;
				LastUpgradeCheck = 1640;
				TargetAttributes = {
					C32986762DFE4E1000897675 = {
						CreatedOnToolsVersion = 16.4;
						LastSwiftMigration = 1640;
					};
					C32986842DFE4E1100897675 = {
						CreatedOnToolsVersion = 16.4;
						TestTargetID = C32986762DFE4E1000897675;
					};
					C329868E2DFE4E1100897675 = {
						CreatedOnToolsVersion = 16.4;
						TestTargetID = C32986762DFE4E1000897675;
					};
				};
			};
			buildConfigurationList = C32986722DFE4E1000897675 /* Build configuration list for PBXProject "MEATFACE" */;
			developmentRegion = en;
			hasScannedForEncodings = 0;
			knownRegions = (
				en,
				Base,
			);
			mainGroup = C329866E2DFE4E1000897675;
			minimizedProjectReferenceProxies = 1;
			preferredProjectObjectVersion = 77;
			productRefGroup = C32986782DFE4E1000897675 /* Products */;
			projectDirPath = "";
			projectRoot = "";
			targets = (
				C32986762DFE4E1000897675 /* MEATFACE */,
				C32986842DFE4E1100897675 /* MEATFACETests */,
				C329868E2DFE4E1100897675 /* MEATFACEUITests */,
			);
		};
/* End PBXProject section */

/* Begin PBXResourcesBuildPhase section */
		C32986752DFE4E1000897675 /* Resources */ = {
			isa = PBXResourcesBuildPhase;
			buildActionMask = 2147483647;
			files = (
				C32986B92DFE4E8100897675 /* Courier Prime Code.zip in Resources */,
				C32986BA2DFE4E8100897675 /* Overpass Mono.zip in Resources */,
				C32986BC2DFE4E8100897675 /* Andale Mono.zip in Resources */,
			);
			runOnlyForDeploymentPostprocessing = 0;
		};
		C32986832DFE4E1100897675 /* Resources */ = {
			isa = PBXResourcesBuildPhase;
			buildActionMask = 2147483647;
			files = (
			);
			runOnlyForDeploymentPostprocessing = 0;
		};
		C329868D2DFE4E1100897675 /* Resources */ = {
			isa = PBXResourcesBuildPhase;
			buildActionMask = 2147483647;
			files = (
			);
			runOnlyForDeploymentPostprocessing = 0;
		};
/* End PBXResourcesBuildPhase section */

/* Begin PBXSourcesBuildPhase section */
		C32986732DFE4E1000897675 /* Sources */ = {
			isa = PBXSourcesBuildPhase;
			buildActionMask = 2147483647;
			files = (
				C32986A62DFE4E6A00897675 /* ChatMessage.swift in Sources */,
				C356BD122DFFCCD500B2EA1E /* ResponseSummaryPopup.swift in Sources */,
				C32986C82DFE663700897675 /* GhostCursorBloom.swift in Sources */,
				C32986C02DFE570500897675 /* logic0_BOB_relay.swift in Sources */,
				C32986CA2DFE845200897675 /* GOBPortalView.swift in Sources */,
				C356BD082DFF826000B2EA1E /* ChatView.swift in Sources */,
				C32986B52DFE4E8100897675 /* SidebarView.swift in Sources */,
				C356BD0C2DFF82AD00B2EA1E /* GlowingTextView.swift in Sources */,
				C32986B72DFE4E8100897675 /* ThreadStore.swift in Sources */,
				C32986B82DFE4E8100897675 /* MEATFACEApp.swift in Sources */,
				C356BD102DFF82DA00B2EA1E /* SettingsView.swift in Sources */,
				C356BD0E2DFF82C000B2EA1E /* CustomTextView.swift in Sources */,
				C32986A72DFE4E6A00897675 /* ChatViewModel.swift in Sources */,
				C32986A82DFE4E6A00897675 /* FontManager.swift in Sources */,
				C356BD0A2DFF826E00B2EA1E /* ChatMainView.swift in Sources */,
				C32986C22DFE583600897675 /* GOB_entry.swift in Sources */,
				C356BD042DFF823300B2EA1E /* MessageBubble.swift in Sources */,
			);
			runOnlyForDeploymentPostprocessing = 0;
		};
		C32986812DFE4E1100897675 /* Sources */ = {
			isa = PBXSourcesBuildPhase;
			buildActionMask = 2147483647;
			files = (
			);
			runOnlyForDeploymentPostprocessing = 0;
		};
		C329868B2DFE4E1100897675 /* Sources */ = {
			isa = PBXSourcesBuildPhase;
			buildActionMask = 2147483647;
			files = (
			);
			runOnlyForDeploymentPostprocessing = 0;
		};
/* End PBXSourcesBuildPhase section */

/* Begin PBXTargetDependency section */
		C32986872DFE4E1100897675 /* PBXTargetDependency */ = {
			isa = PBXTargetDependency;
			target = C32986762DFE4E1000897675 /* MEATFACE */;
			targetProxy = C32986862DFE4E1100897675 /* PBXContainerItemProxy */;
		};
		C32986912DFE4E1100897675 /* PBXTargetDependency */ = {
			isa = PBXTargetDependency;
			target = C32986762DFE4E1000897675 /* MEATFACE */;
			targetProxy = C32986902DFE4E1100897675 /* PBXContainerItemProxy */;
		};
/* End PBXTargetDependency section */

/* Begin XCBuildConfiguration section */
		C32986972DFE4E1100897675 /* Debug */ = {
			isa = XCBuildConfiguration;
			buildSettings = {
				ALWAYS_SEARCH_USER_PATHS = NO;
				ASSETCATALOG_COMPILER_GENERATE_SWIFT_ASSET_SYMBOL_EXTENSIONS = YES;
				CLANG_ANALYZER_NONNULL = YES;
				CLANG_ANALYZER_NUMBER_OBJECT_CONVERSION = YES_AGGRESSIVE;
				CLANG_CXX_LANGUAGE_STANDARD = "gnu++20";
				CLANG_ENABLE_MODULES = YES;
				CLANG_ENABLE_OBJC_ARC = YES;
				CLANG_ENABLE_OBJC_WEAK = YES;
				CLANG_WARN_BLOCK_CAPTURE_AUTORELEASING = YES;
				CLANG_WARN_BOOL_CONVERSION = YES;
				CLANG_WARN_COMMA = YES;
				CLANG_WARN_CONSTANT_CONVERSION = YES;
				CLANG_WARN_DEPRECATED_OBJC_IMPLEMENTATIONS = YES;
				CLANG_WARN_DIRECT_OBJC_ISA_USAGE = YES_ERROR;
				CLANG_WARN_DOCUMENTATION_COMMENTS = YES;
				CLANG_WARN_EMPTY_BODY = YES;
				CLANG_WARN_ENUM_CONVERSION = YES;
				CLANG_WARN_INFINITE_RECURSION = YES;
				CLANG_WARN_INT_CONVERSION = YES;
				CLANG_WARN_NON_LITERAL_NULL_CONVERSION = YES;
				CLANG_WARN_OBJC_IMPLICIT_RETAIN_SELF = YES;
				CLANG_WARN_OBJC_LITERAL_CONVERSION = YES;
				CLANG_WARN_OBJC_ROOT_CLASS = YES_ERROR;
				CLANG_WARN_QUOTED_INCLUDE_IN_FRAMEWORK_HEADER = YES;
				CLANG_WARN_RANGE_LOOP_ANALYSIS = YES;
				CLANG_WARN_STRICT_PROTOTYPES = YES;
				CLANG_WARN_SUSPICIOUS_MOVE = YES;
				CLANG_WARN_UNGUARDED_AVAILABILITY = YES_AGGRESSIVE;
				CLANG_WARN_UNREACHABLE_CODE = YES;
				CLANG_WARN__DUPLICATE_METHOD_MATCH = YES;
				COPY_PHASE_STRIP = NO;
				DEBUG_INFORMATION_FORMAT = dwarf;
				DEVELOPMENT_TEAM = LMT9HDM6MB;
				ENABLE_STRICT_OBJC_MSGSEND = YES;
				ENABLE_TESTABILITY = YES;
				ENABLE_USER_SCRIPT_SANDBOXING = YES;
				GCC_C_LANGUAGE_STANDARD = gnu17;
				GCC_DYNAMIC_NO_PIC = NO;
				GCC_NO_COMMON_BLOCKS = YES;
				GCC_OPTIMIZATION_LEVEL = 0;
				GCC_PREPROCESSOR_DEFINITIONS = (
					"DEBUG=1",
					"$(inherited)",
				);
				GCC_WARN_64_TO_32_BIT_CONVERSION = YES;
				GCC_WARN_ABOUT_RETURN_TYPE = YES_ERROR;
				GCC_WARN_UNDECLARED_SELECTOR = YES;
				GCC_WARN_UNINITIALIZED_AUTOS = YES_AGGRESSIVE;
				GCC_WARN_UNUSED_FUNCTION = YES;
				GCC_WARN_UNUSED_VARIABLE = YES;
				LOCALIZATION_PREFERS_STRING_CATALOGS = YES;
				MACOSX_DEPLOYMENT_TARGET = 15.3;
				MTL_ENABLE_DEBUG_INFO = INCLUDE_SOURCE;
				MTL_FAST_MATH = YES;
				ONLY_ACTIVE_ARCH = YES;
				SDKROOT = macosx;
				SWIFT_ACTIVE_COMPILATION_CONDITIONS = "DEBUG $(inherited)";
				SWIFT_OPTIMIZATION_LEVEL = "-Onone";
			};
			name = Debug;
		};
		C32986982DFE4E1100897675 /* Release */ = {
			isa = XCBuildConfiguration;
			buildSettings = {
				ALWAYS_SEARCH_USER_PATHS = NO;
				ASSETCATALOG_COMPILER_GENERATE_SWIFT_ASSET_SYMBOL_EXTENSIONS = YES;
				CLANG_ANALYZER_NONNULL = YES;
				CLANG_ANALYZER_NUMBER_OBJECT_CONVERSION = YES_AGGRESSIVE;
				CLANG_CXX_LANGUAGE_STANDARD = "gnu++20";
				CLANG_ENABLE_MODULES = YES;
				CLANG_ENABLE_OBJC_ARC = YES;
				CLANG_ENABLE_OBJC_WEAK = YES;
				CLANG_WARN_BLOCK_CAPTURE_AUTORELEASING = YES;
				CLANG_WARN_BOOL_CONVERSION = YES;
				CLANG_WARN_COMMA = YES;
				CLANG_WARN_CONSTANT_CONVERSION = YES;
				CLANG_WARN_DEPRECATED_OBJC_IMPLEMENTATIONS = YES;
				CLANG_WARN_DIRECT_OBJC_ISA_USAGE = YES_ERROR;
				CLANG_WARN_DOCUMENTATION_COMMENTS = YES;
				CLANG_WARN_EMPTY_BODY = YES;
				CLANG_WARN_ENUM_CONVERSION = YES;
				CLANG_WARN_INFINITE_RECURSION = YES;
				CLANG_WARN_INT_CONVERSION = YES;
				CLANG_WARN_NON_LITERAL_NULL_CONVERSION = YES;
				CLANG_WARN_OBJC_IMPLICIT_RETAIN_SELF = YES;
				CLANG_WARN_OBJC_LITERAL_CONVERSION = YES;
				CLANG_WARN_OBJC_ROOT_CLASS = YES_ERROR;
				CLANG_WARN_QUOTED_INCLUDE_IN_FRAMEWORK_HEADER = YES;
				CLANG_WARN_RANGE_LOOP_ANALYSIS = YES;
				CLANG_WARN_STRICT_PROTOTYPES = YES;
				CLANG_WARN_SUSPICIOUS_MOVE = YES;
				CLANG_WARN_UNGUARDED_AVAILABILITY = YES_AGGRESSIVE;
				CLANG_WARN_UNREACHABLE_CODE = YES;
				CLANG_WARN__DUPLICATE_METHOD_MATCH = YES;
				COPY_PHASE_STRIP = NO;
				DEBUG_INFORMATION_FORMAT = "dwarf-with-dsym";
				DEVELOPMENT_TEAM = LMT9HDM6MB;
				ENABLE_NS_ASSERTIONS = NO;
				ENABLE_STRICT_OBJC_MSGSEND = YES;
				ENABLE_USER_SCRIPT_SANDBOXING = YES;
				GCC_C_LANGUAGE_STANDARD = gnu17;
				GCC_NO_COMMON_BLOCKS = YES;
				GCC_WARN_64_TO_32_BIT_CONVERSION = YES;
				GCC_WARN_ABOUT_RETURN_TYPE = YES_ERROR;
				GCC_WARN_UNDECLARED_SELECTOR = YES;
				GCC_WARN_UNINITIALIZED_AUTOS = YES_AGGRESSIVE;
				GCC_WARN_UNUSED_FUNCTION = YES;
				GCC_WARN_UNUSED_VARIABLE = YES;
				LOCALIZATION_PREFERS_STRING_CATALOGS = YES;
				MACOSX_DEPLOYMENT_TARGET = 15.3;
				MTL_ENABLE_DEBUG_INFO = NO;
				MTL_FAST_MATH = YES;
				SDKROOT = macosx;
				SWIFT_COMPILATION_MODE = wholemodule;
			};
			name = Release;
		};
		C329869A2DFE4E1100897675 /* Debug */ = {
			isa = XCBuildConfiguration;
			buildSettings = {
				ASSETCATALOG_COMPILER_APPICON_NAME = AppIcon;
				ASSETCATALOG_COMPILER_GLOBAL_ACCENT_COLOR_NAME = AccentColor;
				CLANG_ENABLE_MODULES = YES;
				COMBINE_HIDPI_IMAGES = YES;
				CURRENT_PROJECT_VERSION = 1;
				DEVELOPMENT_TEAM = LMT9HDM6MB;
				ENABLE_HARDENED_RUNTIME = YES;
				ENABLE_PREVIEWS = YES;
				GENERATE_INFOPLIST_FILE = YES;
				INFOPLIST_FILE = "$(SRCROOT)/Resources/Info.plist";
				INFOPLIST_KEY_CFBundleDisplayName = MEATFACE;
				INFOPLIST_KEY_NSHumanReadableCopyright = "";
				LD_RUNPATH_SEARCH_PATHS = (
					"$(inherited)",
					"@executable_path/../Frameworks",
				);
				MARKETING_VERSION = 1.0;
				PRODUCT_BUNDLE_IDENTIFIER = com.meatface.os;
				PRODUCT_NAME = "$(TARGET_NAME)";
				REGISTER_APP_GROUPS = YES;
				SWIFT_EMIT_LOC_STRINGS = YES;
				SWIFT_OPTIMIZATION_LEVEL = "-Onone";
				SWIFT_VERSION = 5.0;
			};
			name = Debug;
		};
		C329869B2DFE4E1100897675 /* Release */ = {
			isa = XCBuildConfiguration;
			buildSettings = {
				ASSETCATALOG_COMPILER_APPICON_NAME = AppIcon;
				ASSETCATALOG_COMPILER_GLOBAL_ACCENT_COLOR_NAME = AccentColor;
				CLANG_ENABLE_MODULES = YES;
				COMBINE_HIDPI_IMAGES = YES;
				CURRENT_PROJECT_VERSION = 1;
				DEVELOPMENT_TEAM = LMT9HDM6MB;
				ENABLE_HARDENED_RUNTIME = YES;
				ENABLE_PREVIEWS = YES;
				GENERATE_INFOPLIST_FILE = YES;
				INFOPLIST_FILE = "$(SRCROOT)/Resources/Info.plist";
				INFOPLIST_KEY_CFBundleDisplayName = MEATFACE;
				INFOPLIST_KEY_NSHumanReadableCopyright = "";
				LD_RUNPATH_SEARCH_PATHS = (
					"$(inherited)",
					"@executable_path/../Frameworks",
				);
				MARKETING_VERSION = 1.0;
				PRODUCT_BUNDLE_IDENTIFIER = com.meatface.os;
				PRODUCT_NAME = "$(TARGET_NAME)";
				REGISTER_APP_GROUPS = YES;
				SWIFT_EMIT_LOC_STRINGS = YES;
				SWIFT_VERSION = 5.0;
			};
			name = Release;
		};
		C329869D2DFE4E1100897675 /* Debug */ = {
			isa = XCBuildConfiguration;
			buildSettings = {
				BUNDLE_LOADER = "$(TEST_HOST)";
				CODE_SIGN_STYLE = Automatic;
				CURRENT_PROJECT_VERSION = 1;
				DEVELOPMENT_TEAM = LMT9HDM6MB;
				GENERATE_INFOPLIST_FILE = YES;
				MACOSX_DEPLOYMENT_TARGET = 15.3;
				MARKETING_VERSION = 1.0;
				PRODUCT_BUNDLE_IDENTIFIER = GOB.app.MEATFACETests;
				PRODUCT_NAME = "$(TARGET_NAME)";
				SWIFT_EMIT_LOC_STRINGS = NO;
				SWIFT_VERSION = 5.0;
				TEST_HOST = "$(BUILT_PRODUCTS_DIR)/MEATFACE.app/$(BUNDLE_EXECUTABLE_FOLDER_PATH)/MEATFACE";
			};
			name = Debug;
		};
		C329869E2DFE4E1100897675 /* Release */ = {
			isa = XCBuildConfiguration;
			buildSettings = {
				BUNDLE_LOADER = "$(TEST_HOST)";
				CODE_SIGN_STYLE = Automatic;
				CURRENT_PROJECT_VERSION = 1;
				DEVELOPMENT_TEAM = LMT9HDM6MB;
				GENERATE_INFOPLIST_FILE = YES;
				MACOSX_DEPLOYMENT_TARGET = 15.3;
				MARKETING_VERSION = 1.0;
				PRODUCT_BUNDLE_IDENTIFIER = GOB.app.MEATFACETests;
				PRODUCT_NAME = "$(TARGET_NAME)";
				SWIFT_EMIT_LOC_STRINGS = NO;
				SWIFT_VERSION = 5.0;
				TEST_HOST = "$(BUILT_PRODUCTS_DIR)/MEATFACE.app/$(BUNDLE_EXECUTABLE_FOLDER_PATH)/MEATFACE";
			};
			name = Release;
		};
		C32986A02DFE4E1100897675 /* Debug */ = {
			isa = XCBuildConfiguration;
			buildSettings = {
				CODE_SIGN_STYLE = Automatic;
				CURRENT_PROJECT_VERSION = 1;
				DEVELOPMENT_TEAM = LMT9HDM6MB;
				GENERATE_INFOPLIST_FILE = YES;
				MARKETING_VERSION = 1.0;
				PRODUCT_BUNDLE_IDENTIFIER = GOB.app.MEATFACEUITests;
				PRODUCT_NAME = "$(TARGET_NAME)";
				SWIFT_EMIT_LOC_STRINGS = NO;
				SWIFT_VERSION = 5.0;
				TEST_TARGET_NAME = MEATFACE;
			};
			name = Debug;
		};
		C32986A12DFE4E1100897675 /* Release */ = {
			isa = XCBuildConfiguration;
			buildSettings = {
				CODE_SIGN_STYLE = Automatic;
				CURRENT_PROJECT_VERSION = 1;
				DEVELOPMENT_TEAM = LMT9HDM6MB;
				GENERATE_INFOPLIST_FILE = YES;
				MARKETING_VERSION = 1.0;
				PRODUCT_BUNDLE_IDENTIFIER = GOB.app.MEATFACEUITests;
				PRODUCT_NAME = "$(TARGET_NAME)";
				SWIFT_EMIT_LOC_STRINGS = NO;
				SWIFT_VERSION = 5.0;
				TEST_TARGET_NAME = MEATFACE;
			};
			name = Release;
		};
/* End XCBuildConfiguration section */

/* Begin XCConfigurationList section */
		C32986722DFE4E1000897675 /* Build configuration list for PBXProject "MEATFACE" */ = {
			isa = XCConfigurationList;
			buildConfigurations = (
				C32986972DFE4E1100897675 /* Debug */,
				C32986982DFE4E1100897675 /* Release */,
			);
			defaultConfigurationIsVisible = 0;
			defaultConfigurationName = Release;
		};
		C32986992DFE4E1100897675 /* Build configuration list for PBXNativeTarget "MEATFACE" */ = {
			isa = XCConfigurationList;
			buildConfigurations = (
				C329869A2DFE4E1100897675 /* Debug */,
				C329869B2DFE4E1100897675 /* Release */,
			);
			defaultConfigurationIsVisible = 0;
			defaultConfigurationName = Release;
		};
		C329869C2DFE4E1100897675 /* Build configuration list for PBXNativeTarget "MEATFACETests" */ = {
			isa = XCConfigurationList;
			buildConfigurations = (
				C329869D2DFE4E1100897675 /* Debug */,
				C329869E2DFE4E1100897675 /* Release */,
			);
			defaultConfigurationIsVisible = 0;
			defaultConfigurationName = Release;
		};
		C329869F2DFE4E1100897675 /* Build configuration list for PBXNativeTarget "MEATFACEUITests" */ = {
			isa = XCConfigurationList;
			buildConfigurations = (
				C32986A02DFE4E1100897675 /* Debug */,
				C32986A12DFE4E1100897675 /* Release */,
			);
			defaultConfigurationIsVisible = 0;
			defaultConfigurationName = Release;
		};
/* End XCConfigurationList section */
	};
	rootObject = C329866F2DFE4E1000897675 /* Project object */;
}
