// !$*UTF8*$!
{
	archiveVersion = 1;
	classes = {
	};
	objectVersion = 77;
	objects = {

/* Begin PBXContainerItemProxy section */
		C372155C2DFD5CA300142B60 /* PBXContainerItemProxy */ = {
			isa = PBXContainerItemProxy;
			containerPortal = C37215452DFD5CA100142B60 /* Project object */;
			proxyType = 1;
			remoteGlobalIDString = C372154C2DFD5CA100142B60;
			remoteInfo = MEATFACE;
		};
		C37215662DFD5CA300142B60 /* PBXContainerItemProxy */ = {
			isa = PBXContainerItemProxy;
			containerPortal = C37215452DFD5CA100142B60 /* Project object */;
			proxyType = 1;
			remoteGlobalIDString = C372154C2DFD5CA100142B60;
			remoteInfo = MEATFACE;
		};
/* End PBXContainerItemProxy section */

/* Begin PBXFileReference section */
		C372154D2DFD5CA100142B60 /* .app */ = {isa = PBXFileReference; explicitFileType = wrapper.application; includeInIndex = 0; path = .app; sourceTree = BUILT_PRODUCTS_DIR; };
		C372155B2DFD5CA300142B60 /* MEATFACETests.xctest */ = {isa = PBXFileReference; explicitFileType = wrapper.cfbundle; includeInIndex = 0; path = MEATFACETests.xctest; sourceTree = BUILT_PRODUCTS_DIR; };
		C37215652DFD5CA300142B60 /* MEATFACEUITests.xctest */ = {isa = PBXFileReference; explicitFileType = wrapper.cfbundle; includeInIndex = 0; path = MEATFACEUITests.xctest; sourceTree = BUILT_PRODUCTS_DIR; };
		C37EB1B02DFE3EB100BDEF0A /* MEATFACE.xcodeproj */ = {isa = PBXFileReference; lastKnownFileType = "wrapper.pb-project"; path = MEATFACE.xcodeproj; sourceTree = "<group>"; };
/* End PBXFileReference section */

/* Begin PBXFrameworksBuildPhase section */
		C372154A2DFD5CA100142B60 /* Frameworks */ = {
			isa = PBXFrameworksBuildPhase;
			buildActionMask = 2147483647;
			files = (
			);
			runOnlyForDeploymentPostprocessing = 0;
		};
		C37215582DFD5CA300142B60 /* Frameworks */ = {
			isa = PBXFrameworksBuildPhase;
			buildActionMask = 2147483647;
			files = (
			);
			runOnlyForDeploymentPostprocessing = 0;
		};
		C37215622DFD5CA300142B60 /* Frameworks */ = {
			isa = PBXFrameworksBuildPhase;
			buildActionMask = 2147483647;
			files = (
			);
			runOnlyForDeploymentPostprocessing = 0;
		};
/* End PBXFrameworksBuildPhase section */

/* Begin PBXGroup section */
		C37215442DFD5CA100142B60 = {
			isa = PBXGroup;
			children = (
				C37EB1B02DFE3EB100BDEF0A /* MEATFACE.xcodeproj */,
				C372154E2DFD5CA100142B60 /* Products */,
			);
			sourceTree = "<group>";
		};
		C372154E2DFD5CA100142B60 /* Products */ = {
			isa = PBXGroup;
			children = (
				C372154D2DFD5CA100142B60 /* .app */,
				C372155B2DFD5CA300142B60 /* MEATFACETests.xctest */,
				C37215652DFD5CA300142B60 /* MEATFACEUITests.xctest */,
			);
			name = Products;
			sourceTree = "<group>";
		};
/* End PBXGroup section */

/* Begin PBXNativeTarget section */
		C372154C2DFD5CA100142B60 /* MEATFACE */ = {
			isa = PBXNativeTarget;
			buildConfigurationList = C372156F2DFD5CA300142B60 /* Build configuration list for PBXNativeTarget "MEATFACE" */;
			buildPhases = (
				C37215492DFD5CA100142B60 /* Sources */,
				C372154A2DFD5CA100142B60 /* Frameworks */,
				C372154B2DFD5CA100142B60 /* Resources */,
			);
			buildRules = (
			);
			dependencies = (
			);
			name = MEATFACE;
			packageProductDependencies = (
			);
			productName = MEATFACE;
			productReference = C372154D2DFD5CA100142B60 /* .app */;
			productType = "com.apple.product-type.application";
		};
		C372155A2DFD5CA300142B60 /* MEATFACETests */ = {
			isa = PBXNativeTarget;
			buildConfigurationList = C37215722DFD5CA300142B60 /* Build configuration list for PBXNativeTarget "MEATFACETests" */;
			buildPhases = (
				C37215572DFD5CA300142B60 /* Sources */,
				C37215582DFD5CA300142B60 /* Frameworks */,
				C37215592DFD5CA300142B60 /* Resources */,
			);
			buildRules = (
			);
			dependencies = (
				C372155D2DFD5CA300142B60 /* PBXTargetDependency */,
			);
			name = MEATFACETests;
			packageProductDependencies = (
			);
			productName = MEATFACETests;
			productReference = C372155B2DFD5CA300142B60 /* MEATFACETests.xctest */;
			productType = "com.apple.product-type.bundle.unit-test";
		};
		C37215642DFD5CA300142B60 /* MEATFACEUITests */ = {
			isa = PBXNativeTarget;
			buildConfigurationList = C37215752DFD5CA300142B60 /* Build configuration list for PBXNativeTarget "MEATFACEUITests" */;
			buildPhases = (
				C37215612DFD5CA300142B60 /* Sources */,
				C37215622DFD5CA300142B60 /* Frameworks */,
				C37215632DFD5CA300142B60 /* Resources */,
			);
			buildRules = (
			);
			dependencies = (
				C37215672DFD5CA300142B60 /* PBXTargetDependency */,
			);
			name = MEATFACEUITests;
			packageProductDependencies = (
			);
			productName = MEATFACEUITests;
			productReference = C37215652DFD5CA300142B60 /* MEATFACEUITests.xctest */;
			productType = "com.apple.product-type.bundle.ui-testing";
		};
/* End PBXNativeTarget section */

/* Begin PBXProject section */
		C37215452DFD5CA100142B60 /* Project object */ = {
			isa = PBXProject;
			attributes = {
				BuildIndependentTargetsInParallel = 1;
				LastSwiftUpdateCheck = 1640;
				LastUpgradeCheck = 1640;
				TargetAttributes = {
					C372154C2DFD5CA100142B60 = {
						CreatedOnToolsVersion = 16.4;
						LastSwiftMigration = 1640;
					};
					C372155A2DFD5CA300142B60 = {
						CreatedOnToolsVersion = 16.4;
						TestTargetID = C372154C2DFD5CA100142B60;
					};
					C37215642DFD5CA300142B60 = {
						CreatedOnToolsVersion = 16.4;
						TestTargetID = C372154C2DFD5CA100142B60;
					};
				};
			};
			buildConfigurationList = C37215482DFD5CA100142B60 /* Build configuration list for PBXProject "MEATFACE" */;
			developmentRegion = en;
			hasScannedForEncodings = 0;
			knownRegions = (
				en,
				Base,
			);
			mainGroup = C37215442DFD5CA100142B60;
			minimizedProjectReferenceProxies = 1;
			preferredProjectObjectVersion = 77;
			productRefGroup = C372154E2DFD5CA100142B60 /* Products */;
			projectDirPath = "";
			projectRoot = "";
			targets = (
				C372154C2DFD5CA100142B60 /* MEATFACE */,
				C372155A2DFD5CA300142B60 /* MEATFACETests */,
				C37215642DFD5CA300142B60 /* MEATFACEUITests */,
			);
		};
/* End PBXProject section */

/* Begin PBXResourcesBuildPhase section */
		C372154B2DFD5CA100142B60 /* Resources */ = {
			isa = PBXResourcesBuildPhase;
			buildActionMask = 2147483647;
			files = (
			);
			runOnlyForDeploymentPostprocessing = 0;
		};
		C37215592DFD5CA300142B60 /* Resources */ = {
			isa = PBXResourcesBuildPhase;
			buildActionMask = 2147483647;
			files = (
			);
			runOnlyForDeploymentPostprocessing = 0;
		};
		C37215632DFD5CA300142B60 /* Resources */ = {
			isa = PBXResourcesBuildPhase;
			buildActionMask = 2147483647;
			files = (
			);
			runOnlyForDeploymentPostprocessing = 0;
		};
/* End PBXResourcesBuildPhase section */

/* Begin PBXSourcesBuildPhase section */
		C37215492DFD5CA100142B60 /* Sources */ = {
			isa = PBXSourcesBuildPhase;
			buildActionMask = 2147483647;
			files = (
			);
			runOnlyForDeploymentPostprocessing = 0;
		};
		C37215572DFD5CA300142B60 /* Sources */ = {
			isa = PBXSourcesBuildPhase;
			buildActionMask = 2147483647;
			files = (
			);
			runOnlyForDeploymentPostprocessing = 0;
		};
		C37215612DFD5CA300142B60 /* Sources */ = {
			isa = PBXSourcesBuildPhase;
			buildActionMask = 2147483647;
			files = (
			);
			runOnlyForDeploymentPostprocessing = 0;
		};
/* End PBXSourcesBuildPhase section */

/* Begin PBXTargetDependency section */
		C372155D2DFD5CA300142B60 /* PBXTargetDependency */ = {
			isa = PBXTargetDependency;
			target = C372154C2DFD5CA100142B60 /* MEATFACE */;
			targetProxy = C372155C2DFD5CA300142B60 /* PBXContainerItemProxy */;
		};
		C37215672DFD5CA300142B60 /* PBXTargetDependency */ = {
			isa = PBXTargetDependency;
			target = C372154C2DFD5CA100142B60 /* MEATFACE */;
			targetProxy = C37215662DFD5CA300142B60 /* PBXContainerItemProxy */;
		};
/* End PBXTargetDependency section */

/* Begin XCBuildConfiguration section */
		C372156D2DFD5CA300142B60 /* Debug */ = {
			isa = XCBuildConfiguration;
			buildSettings = {
				ALWAYS_SEARCH_USER_PATHS = NO;
				ASSETCATALOG_COMPILER_GENERATE_SWIFT_ASSET_SYMBOL_EXTENSIONS = YES;
				CLANG_ANALYZER_NONNULL = YES;
				CLANG_ANALYZER_NUMBER_OBJECT_CONVERSION = YES_AGGRESSIVE;
				CLANG_CXX_LANGUAGE_STANDARD = "gnu++20";
				CLANG_ENABLE_MODULES = YES;
				CLANG_ENABLE_OBJC_ARC = YES;
				CLANG_ENABLE_OBJC_WEAK = YES;
				CLANG_WARN_BLOCK_CAPTURE_AUTORELEASING = YES;
				CLANG_WARN_BOOL_CONVERSION = YES;
				CLANG_WARN_COMMA = YES;
				CLANG_WARN_CONSTANT_CONVERSION = YES;
				CLANG_WARN_DEPRECATED_OBJC_IMPLEMENTATIONS = YES;
				CLANG_WARN_DIRECT_OBJC_ISA_USAGE = YES_ERROR;
				CLANG_WARN_DOCUMENTATION_COMMENTS = YES;
				CLANG_WARN_EMPTY_BODY = YES;
				CLANG_WARN_ENUM_CONVERSION = YES;
				CLANG_WARN_INFINITE_RECURSION = YES;
				CLANG_WARN_INT_CONVERSION = YES;
				CLANG_WARN_NON_LITERAL_NULL_CONVERSION = YES;
				CLANG_WARN_OBJC_IMPLICIT_RETAIN_SELF = YES;
				CLANG_WARN_OBJC_LITERAL_CONVERSION = YES;
				CLANG_WARN_OBJC_ROOT_CLASS = YES_ERROR;
				CLANG_WARN_QUOTED_INCLUDE_IN_FRAMEWORK_HEADER = YES;
				CLANG_WARN_RANGE_LOOP_ANALYSIS = YES;
				CLANG_WARN_STRICT_PROTOTYPES = YES;
				CLANG_WARN_SUSPICIOUS_MOVE = YES;
				CLANG_WARN_UNGUARDED_AVAILABILITY = YES_AGGRESSIVE;
				CLANG_WARN_UNREACHABLE_CODE = YES;
				CLANG_WARN__DUPLICATE_METHOD_MATCH = YES;
				COPY_PHASE_STRIP = NO;
				DEAD_CODE_STRIPPING = YES;
				DEBUG_INFORMATION_FORMAT = dwarf;
				DEVELOPMENT_TEAM = LMT9HDM6MB;
				ENABLE_STRICT_OBJC_MSGSEND = YES;
				ENABLE_TESTABILITY = YES;
				ENABLE_USER_SCRIPT_SANDBOXING = YES;
				GCC_C_LANGUAGE_STANDARD = gnu17;
				GCC_DYNAMIC_NO_PIC = NO;
				GCC_NO_COMMON_BLOCKS = YES;
				GCC_OPTIMIZATION_LEVEL = 0;
				GCC_PREPROCESSOR_DEFINITIONS = (
					"DEBUG=1",
					"$(inherited)",
				);
				GCC_WARN_64_TO_32_BIT_CONVERSION = YES;
				GCC_WARN_ABOUT_RETURN_TYPE = YES_ERROR;
				GCC_WARN_UNDECLARED_SELECTOR = YES;
				GCC_WARN_UNINITIALIZED_AUTOS = YES_AGGRESSIVE;
				GCC_WARN_UNUSED_FUNCTION = YES;
				GCC_WARN_UNUSED_VARIABLE = YES;
				LOCALIZATION_PREFERS_STRING_CATALOGS = YES;
				MACOSX_DEPLOYMENT_TARGET = 15.3;
				MTL_ENABLE_DEBUG_INFO = INCLUDE_SOURCE;
				MTL_FAST_MATH = YES;
				ONLY_ACTIVE_ARCH = YES;
				PRODUCT_BUNDLE_IDENTIFIER = com.meatface.os;
				PRODUCT_MODULE_NAME = MEATFACE;
				SDKROOT = macosx;
				SWIFT_ACTIVE_COMPILATION_CONDITIONS = "DEBUG $(inherited)";
				SWIFT_OPTIMIZATION_LEVEL = "-Onone";
			};
			name = Debug;
		};
		C372156E2DFD5CA300142B60 /* Release */ = {
			isa = XCBuildConfiguration;
			buildSettings = {
				ALWAYS_SEARCH_USER_PATHS = NO;
				ASSETCATALOG_COMPILER_GENERATE_SWIFT_ASSET_SYMBOL_EXTENSIONS = YES;
				CLANG_ANALYZER_NONNULL = YES;
				CLANG_ANALYZER_NUMBER_OBJECT_CONVERSION = YES_AGGRESSIVE;
				CLANG_CXX_LANGUAGE_STANDARD = "gnu++20";
				CLANG_ENABLE_MODULES = YES;
				CLANG_ENABLE_OBJC_ARC = YES;
				CLANG_ENABLE_OBJC_WEAK = YES;
				CLANG_WARN_BLOCK_CAPTURE_AUTORELEASING = YES;
				CLANG_WARN_BOOL_CONVERSION = YES;
				CLANG_WARN_COMMA = YES;
				CLANG_WARN_CONSTANT_CONVERSION = YES;
				CLANG_WARN_DEPRECATED_OBJC_IMPLEMENTATIONS = YES;
				CLANG_WARN_DIRECT_OBJC_ISA_USAGE = YES_ERROR;
				CLANG_WARN_DOCUMENTATION_COMMENTS = YES;
				CLANG_WARN_EMPTY_BODY = YES;
				CLANG_WARN_ENUM_CONVERSION = YES;
				CLANG_WARN_INFINITE_RECURSION = YES;
				CLANG_WARN_INT_CONVERSION = YES;
				CLANG_WARN_NON_LITERAL_NULL_CONVERSION = YES;
				CLANG_WARN_OBJC_IMPLICIT_RETAIN_SELF = YES;
				CLANG_WARN_OBJC_LITERAL_CONVERSION = YES;
				CLANG_WARN_OBJC_ROOT_CLASS = YES_ERROR;
				CLANG_WARN_QUOTED_INCLUDE_IN_FRAMEWORK_HEADER = YES;
				CLANG_WARN_RANGE_LOOP_ANALYSIS = YES;
				CLANG_WARN_STRICT_PROTOTYPES = YES;
				CLANG_WARN_SUSPICIOUS_MOVE = YES;
				CLANG_WARN_UNGUARDED_AVAILABILITY = YES_AGGRESSIVE;
				CLANG_WARN_UNREACHABLE_CODE = YES;
				CLANG_WARN__DUPLICATE_METHOD_MATCH = YES;
				COPY_PHASE_STRIP = NO;
				DEAD_CODE_STRIPPING = YES;
				DEBUG_INFORMATION_FORMAT = "dwarf-with-dsym";
				DEVELOPMENT_TEAM = LMT9HDM6MB;
				ENABLE_NS_ASSERTIONS = NO;
				ENABLE_STRICT_OBJC_MSGSEND = YES;
				ENABLE_USER_SCRIPT_SANDBOXING = YES;
				GCC_C_LANGUAGE_STANDARD = gnu17;
				GCC_NO_COMMON_BLOCKS = YES;
				GCC_WARN_64_TO_32_BIT_CONVERSION = YES;
				GCC_WARN_ABOUT_RETURN_TYPE = YES_ERROR;
				GCC_WARN_UNDECLARED_SELECTOR = YES;
				GCC_WARN_UNINITIALIZED_AUTOS = YES_AGGRESSIVE;
				GCC_WARN_UNUSED_FUNCTION = YES;
				GCC_WARN_UNUSED_VARIABLE = YES;
				LOCALIZATION_PREFERS_STRING_CATALOGS = YES;
				MACOSX_DEPLOYMENT_TARGET = 15.3;
				MTL_ENABLE_DEBUG_INFO = NO;
				MTL_FAST_MATH = YES;
				PRODUCT_BUNDLE_IDENTIFIER = com.meatface.os;
				PRODUCT_MODULE_NAME = MEATFACE;
				SDKROOT = macosx;
				SWIFT_COMPILATION_MODE = wholemodule;
			};
			name = Release;
		};
		C37215702DFD5CA300142B60 /* Debug */ = {
			isa = XCBuildConfiguration;
			buildSettings = {
				CLANG_ENABLE_MODULES = YES;
				INFOPLIST_FILE = "$(SRCROOT)/Resources/Info.plist";
				PRODUCT_BUNDLE_IDENTIFIER = "PRODUCT_BUNDLE_IDENTIFIER = com.meatface.os";
				SWIFT_OPTIMIZATION_LEVEL = "-Onone";
				SWIFT_VERSION = 6.0;
			};
			name = Debug;
		};
		C37215712DFD5CA300142B60 /* Release */ = {
			isa = XCBuildConfiguration;
			buildSettings = {
				CLANG_ENABLE_MODULES = YES;
				INFOPLIST_FILE = "$(SRCROOT)/Resources/Info.plist";
				PRODUCT_BUNDLE_IDENTIFIER = "PRODUCT_BUNDLE_IDENTIFIER = com.meatface.os";
				SWIFT_VERSION = 6.0;
			};
			name = Release;
		};
		C37215732DFD5CA300142B60 /* Debug */ = {
			isa = XCBuildConfiguration;
			buildSettings = {
				BUNDLE_LOADER = "$(TEST_HOST)";
				CODE_SIGN_STYLE = Automatic;
				CURRENT_PROJECT_VERSION = 1;
				DEAD_CODE_STRIPPING = YES;
				DEVELOPMENT_TEAM = LMT9HDM6MB;
				GENERATE_INFOPLIST_FILE = YES;
				MACOSX_DEPLOYMENT_TARGET = 15.3;
				MARKETING_VERSION = 1.0;
				PRODUCT_BUNDLE_IDENTIFIER = GOB.app.MEATFACETests;
				PRODUCT_NAME = "$(TARGET_NAME)";
				SWIFT_EMIT_LOC_STRINGS = NO;
				SWIFT_VERSION = 5.0;
				TEST_HOST = "$(BUILT_PRODUCTS_DIR)/MEATFACE.app/$(BUNDLE_EXECUTABLE_FOLDER_PATH)/MEATFACE";
			};
			name = Debug;
		};
		C37215742DFD5CA300142B60 /* Release */ = {
			isa = XCBuildConfiguration;
			buildSettings = {
				BUNDLE_LOADER = "$(TEST_HOST)";
				CODE_SIGN_STYLE = Automatic;
				CURRENT_PROJECT_VERSION = 1;
				DEAD_CODE_STRIPPING = YES;
				DEVELOPMENT_TEAM = LMT9HDM6MB;
				GENERATE_INFOPLIST_FILE = YES;
				MACOSX_DEPLOYMENT_TARGET = 15.3;
				MARKETING_VERSION = 1.0;
				PRODUCT_BUNDLE_IDENTIFIER = GOB.app.MEATFACETests;
				PRODUCT_NAME = "$(TARGET_NAME)";
				SWIFT_EMIT_LOC_STRINGS = NO;
				SWIFT_VERSION = 5.0;
				TEST_HOST = "$(BUILT_PRODUCTS_DIR)/MEATFACE.app/$(BUNDLE_EXECUTABLE_FOLDER_PATH)/MEATFACE";
			};
			name = Release;
		};
		C37215762DFD5CA300142B60 /* Debug */ = {
			isa = XCBuildConfiguration;
			buildSettings = {
				CODE_SIGN_STYLE = Automatic;
				CURRENT_PROJECT_VERSION = 1;
				DEAD_CODE_STRIPPING = YES;
				DEVELOPMENT_TEAM = LMT9HDM6MB;
				GENERATE_INFOPLIST_FILE = YES;
				MARKETING_VERSION = 1.0;
				PRODUCT_BUNDLE_IDENTIFIER = GOB.app.MEATFACEUITests;
				PRODUCT_NAME = "$(TARGET_NAME)";
				SWIFT_EMIT_LOC_STRINGS = NO;
				SWIFT_VERSION = 5.0;
				TEST_TARGET_NAME = MEATFACE;
			};
			name = Debug;
		};
		C37215772DFD5CA300142B60 /* Release */ = {
			isa = XCBuildConfiguration;
			buildSettings = {
				CODE_SIGN_STYLE = Automatic;
				CURRENT_PROJECT_VERSION = 1;
				DEAD_CODE_STRIPPING = YES;
				DEVELOPMENT_TEAM = LMT9HDM6MB;
				GENERATE_INFOPLIST_FILE = YES;
				MARKETING_VERSION = 1.0;
				PRODUCT_BUNDLE_IDENTIFIER = GOB.app.MEATFACEUITests;
				PRODUCT_NAME = "$(TARGET_NAME)";
				SWIFT_EMIT_LOC_STRINGS = NO;
				SWIFT_VERSION = 5.0;
				TEST_TARGET_NAME = MEATFACE;
			};
			name = Release;
		};
/* End XCBuildConfiguration section */

/* Begin XCConfigurationList section */
		C37215482DFD5CA100142B60 /* Build configuration list for PBXProject "MEATFACE" */ = {
			isa = XCConfigurationList;
			buildConfigurations = (
				C372156D2DFD5CA300142B60 /* Debug */,
				C372156E2DFD5CA300142B60 /* Release */,
			);
			defaultConfigurationIsVisible = 0;
			defaultConfigurationName = Release;
		};
		C372156F2DFD5CA300142B60 /* Build configuration list for PBXNativeTarget "MEATFACE" */ = {
			isa = XCConfigurationList;
			buildConfigurations = (
				C37215702DFD5CA300142B60 /* Debug */,
				C37215712DFD5CA300142B60 /* Release */,
			);
			defaultConfigurationIsVisible = 0;
			defaultConfigurationName = Release;
		};
		C37215722DFD5CA300142B60 /* Build configuration list for PBXNativeTarget "MEATFACETests" */ = {
			isa = XCConfigurationList;
			buildConfigurations = (
				C37215732DFD5CA300142B60 /* Debug */,
				C37215742DFD5CA300142B60 /* Release */,
			);
			defaultConfigurationIsVisible = 0;
			defaultConfigurationName = Release;
		};
		C37215752DFD5CA300142B60 /* Build configuration list for PBXNativeTarget "MEATFACEUITests" */ = {
			isa = XCConfigurationList;
			buildConfigurations = (
				C37215762DFD5CA300142B60 /* Debug */,
				C37215772DFD5CA300142B60 /* Release */,
			);
			defaultConfigurationIsVisible = 0;
			defaultConfigurationName = Release;
		};
/* End XCConfigurationList section */
	};
	rootObject = C37215452DFD5CA100142B60 /* Project object */;
}
